
Microsoft Visual Studio Solution File, Format Version 12.00
# Visual Studio Version 17
VisualStudioVersion = 17.7.34024.191
MinimumVisualStudioVersion = 10.0.40219.1
Project("{FAE04EC0-301F-11D3-BF4B-00C04F79EFBC}") = "Bridge", "Bridge\Bridge.csproj", "{38439864-F696-4C62-BF87-AD14D14B2435}"
EndProject
Global
	GlobalSection(SolutionConfigurationPlatforms) = preSolution
		Debug|Any CPU = Debug|Any CPU
		Release|Any CPU = Release|Any CPU
	EndGlobalSection
	GlobalSection(ProjectConfigurationPlatforms) = postSolution
		{38439864-F696-4C62-BF87-AD14D14B2435}.Debug|Any CPU.ActiveCfg = Debug|Any CPU
		{38439864-F696-4C62-BF87-AD14D14B2435}.Debug|Any CPU.Build.0 = Debug|Any CPU
		{38439864-F696-4C62-BF87-AD14D14B2435}.Release|Any CPU.ActiveCfg = Release|Any CPU
		{38439864-F696-4C62-BF87-AD14D14B2435}.Release|Any CPU.Build.0 = Release|Any CPU
	EndGlobalSection
	GlobalSection(SolutionProperties) = preSolution
		HideSolutionNode = FALSE
	EndGlobalSection
	GlobalSection(ExtensibilityGlobals) = postSolution
		SolutionGuid = {FD36613E-396C-499A-899F-C44E69A72FFD}
	EndGlobalSection
EndGlobal
